
Microsoft Visual Studio Solution File, Format Version 12.00
# Visual Studio Version 17
VisualStudioVersion = 17.2.32519.379
MinimumVisualStudioVersion = 10.0.40219.1
Project("{FAE04EC0-301F-11D3-BF4B-00C04F79EFBC}") = "PryTPCalvet", "PryTPCalvet.csproj", "{8877319A-547D-4D8C-99BC-05E6EB601BB4}"
EndProject
Global
	GlobalSection(SolutionConfigurationPlatforms) = preSolution
		Debug|Any CPU = Debug|Any CPU
		Release|Any CPU = Release|Any CPU
	EndGlobalSection
	GlobalSection(ProjectConfigurationPlatforms) = postSolution
		{8877319A-547D-4D8C-99BC-05E6EB601BB4}.Debug|Any CPU.ActiveCfg = Debug|Any CPU
		{8877319A-547D-4D8C-99BC-05E6EB601BB4}.Debug|Any CPU.Build.0 = Debug|Any CPU
		{8877319A-547D-4D8C-99BC-05E6EB601BB4}.Release|Any CPU.ActiveCfg = Release|Any CPU
		{8877319A-547D-4D8C-99BC-05E6EB601BB4}.Release|Any CPU.Build.0 = Release|Any CPU
	EndGlobalSection
	GlobalSection(SolutionProperties) = preSolution
		HideSolutionNode = FALSE
	EndGlobalSection
	GlobalSection(ExtensibilityGlobals) = postSolution
		SolutionGuid = {C7E230FD-32C1-452F-A91B-2820172A65F2}
	EndGlobalSection
EndGlobal
